
Microsoft Visual Studio Solution File, Format Version 12.00
# Visual Studio Version 17
VisualStudioVersion = 17.14.36105.17 d17.14
MinimumVisualStudioVersion = 10.0.40219.1
Project("{FAE04EC0-301F-11D3-BF4B-00C04F79EFBC}") = "Fuddo", "Fuddo\Fuddo.csproj", "{603B7EEB-445E-44ED-A0BD-F808642DE7FE}"
EndProject
Global
	GlobalSection(SolutionConfigurationPlatforms) = preSolution
		Debug|Any CPU = Debug|Any CPU
		Release|Any CPU = Release|Any CPU
	EndGlobalSection
	GlobalSection(ProjectConfigurationPlatforms) = postSolution
		{603B7EEB-445E-44ED-A0BD-F808642DE7FE}.Debug|Any CPU.ActiveCfg = Debug|Any CPU
		{603B7EEB-445E-44ED-A0BD-F808642DE7FE}.Debug|Any CPU.Build.0 = Debug|Any CPU
		{603B7EEB-445E-44ED-A0BD-F808642DE7FE}.Release|Any CPU.ActiveCfg = Release|Any CPU
		{603B7EEB-445E-44ED-A0BD-F808642DE7FE}.Release|Any CPU.Build.0 = Release|Any CPU
	EndGlobalSection
	GlobalSection(SolutionProperties) = preSolution
		HideSolutionNode = FALSE
	EndGlobalSection
	GlobalSection(ExtensibilityGlobals) = postSolution
		SolutionGuid = {63EB3E80-D5F1-4050-816E-012BA0D4F334}
	EndGlobalSection
EndGlobal
